
Microsoft Visual Studio Solution File, Format Version 12.00
# Visual Studio Version 16
VisualStudioVersion = 16.0.34407.143
MinimumVisualStudioVersion = 10.0.40219.1
Project("{FAE04EC0-301F-11D3-BF4B-00C04F79EFBC}") = "WebAppTutioral1", "WebAppTutioral1\WebAppTutioral1.csproj", "{7F54B3BE-2FCF-43C7-9488-DEC74C1427B5}"
EndProject
Global
	GlobalSection(SolutionConfigurationPlatforms) = preSolution
		Debug|Any CPU = Debug|Any CPU
		Release|Any CPU = Release|Any CPU
	EndGlobalSection
	GlobalSection(ProjectConfigurationPlatforms) = postSolution
		{7F54B3BE-2FCF-43C7-9488-DEC74C1427B5}.Debug|Any CPU.ActiveCfg = Debug|Any CPU
		{7F54B3BE-2FCF-43C7-9488-DEC74C1427B5}.Debug|Any CPU.Build.0 = Debug|Any CPU
		{7F54B3BE-2FCF-43C7-9488-DEC74C1427B5}.Release|Any CPU.ActiveCfg = Release|Any CPU
		{7F54B3BE-2FCF-43C7-9488-DEC74C1427B5}.Release|Any CPU.Build.0 = Release|Any CPU
	EndGlobalSection
	GlobalSection(SolutionProperties) = preSolution
		HideSolutionNode = FALSE
	EndGlobalSection
	GlobalSection(ExtensibilityGlobals) = postSolution
		SolutionGuid = {1E90690C-EF85-48C0-AA6E-6B11110C5DFF}
	EndGlobalSection
EndGlobal
